// !$*UTF8*$!
{
	archiveVersion = 1;
	classes = {
	};
	objectVersion = 77;
	objects = {

/* Begin PBXBuildFile section */
		B8241C462FD74D7C008E4BD0 /* LensLiftApp.swift in Sources */ = {isa = PBXBuildFile; fileRef = B8241C452FD74D7C008E4BD0 /* LensLiftApp.swift */; };
		B8241C482FD74DBE008E4BD0 /* ContentView.swift in Sources */ = {isa = PBXBuildFile; fileRef = B8241C472FD74DBE008E4BD0 /* ContentView.swift */; };
		B8241C592FD750E0008E4BD0 /* AuthViewModel.swift in Sources */ = {isa = PBXBuildFile; fileRef = B8241C3F2FD6D3D6008E4BD0 /* AuthViewModel.swift */; };
		B8241C5A2FD75133008E4BD0 /* HomeViewModel.swift in Sources */ = {isa = PBXBuildFile; fileRef = B8241C402FD72166008E4BD0 /* HomeViewModel.swift */; };
		B8241C5B2FD75133008E4BD0 /* ScheduleViewModel.swift in Sources */ = {isa = PBXBuildFile; fileRef = B8241C432FD74C6D008E4BD0 /* ScheduleViewModel.swift */; };
		B8241C5C2FD75133008E4BD0 /* NutritionViewModel.swift in Sources */ = {isa = PBXBuildFile; fileRef = B8241C412FD73E3F008E4BD0 /* NutritionViewModel.swift */; };
		B8241C5D2FD75133008E4BD0 /* WorkoutViewModel.swift in Sources */ = {isa = PBXBuildFile; fileRef = B8241C422FD748F9008E4BD0 /* WorkoutViewModel.swift */; };
		B8241C5E2FD75133008E4BD0 /* ProgressViewModel.swift in Sources */ = {isa = PBXBuildFile; fileRef = B8241C442FD74CB0008E4BD0 /* ProgressViewModel.swift */; };
		B8241C5F2FD75133008E4BD0 /* ProfileViewModel.swift in Sources */ = {isa = PBXBuildFile; fileRef = B8241C4C2FD74EF1008E4BD0 /* ProfileViewModel.swift */; };
		B8241C602FD75140008E4BD0 /* AuthService.swift in Sources */ = {isa = PBXBuildFile; fileRef = B8241C392FD68D9F008E4BD0 /* AuthService.swift */; };
		B8241C612FD75140008E4BD0 /* WorkoutService.swift in Sources */ = {isa = PBXBuildFile; fileRef = B8241C3C2FD6AFD0008E4BD0 /* WorkoutService.swift */; };
		B8241C622FD75140008E4BD0 /* FoodService.swift in Sources */ = {isa = PBXBuildFile; fileRef = B8241C3B2FD6AADB008E4BD0 /* FoodService.swift */; };
		B8241C632FD75140008E4BD0 /* ScheduleService.swift in Sources */ = {isa = PBXBuildFile; fileRef = B8241C3D2FD6B48A008E4BD0 /* ScheduleService.swift */; };
		B8241C642FD75140008E4BD0 /* APIService.swift in Sources */ = {isa = PBXBuildFile; fileRef = B8241C382FD67118008E4BD0 /* APIService.swift */; };
		B8241C652FD75140008E4BD0 /* BodyWeightService.swift in Sources */ = {isa = PBXBuildFile; fileRef = B8241C3E2FD6B528008E4BD0 /* BodyWeightService.swift */; };
		B8241C662FD75140008E4BD0 /* ProfileService.swift in Sources */ = {isa = PBXBuildFile; fileRef = B8241C3A2FD6A3AC008E4BD0 /* ProfileService.swift */; };
		B8241C672FD75146008E4BD0 /* Constants.swift in Sources */ = {isa = PBXBuildFile; fileRef = B8241C312FD5E1F1008E4BD0 /* Constants.swift */; };
		B8241C682FD75153008E4BD0 /* RegisterView.swift in Sources */ = {isa = PBXBuildFile; fileRef = B8241C4A2FD74E91008E4BD0 /* RegisterView.swift */; };
		B8241C692FD75153008E4BD0 /* OnboardingView.swift in Sources */ = {isa = PBXBuildFile; fileRef = B8241C4B2FD74EB9008E4BD0 /* OnboardingView.swift */; };
		B8241C6A2FD75153008E4BD0 /* LoginView.swift in Sources */ = {isa = PBXBuildFile; fileRef = B8241C492FD74DE1008E4BD0 /* LoginView.swift */; };
		B8241C6B2FD75158008E4BD0 /* HomeView.swift in Sources */ = {isa = PBXBuildFile; fileRef = B8241C4D2FD74F0B008E4BD0 /* HomeView.swift */; };
		B8241C6C2FD7515F008E4BD0 /* FoodAnalyzerView.swift in Sources */ = {isa = PBXBuildFile; fileRef = B8241C502FD74F64008E4BD0 /* FoodAnalyzerView.swift */; };
		B8241C6D2FD7515F008E4BD0 /* AddFoodView.swift in Sources */ = {isa = PBXBuildFile; fileRef = B8241C4F2FD74F56008E4BD0 /* AddFoodView.swift */; };
		B8241C6E2FD7515F008E4BD0 /* NutritionView.swift in Sources */ = {isa = PBXBuildFile; fileRef = B8241C4E2FD74F2E008E4BD0 /* NutritionView.swift */; };
		B8241C6F2FD7516A008E4BD0 /* ActiveSessionView.swift in Sources */ = {isa = PBXBuildFile; fileRef = B8241C542FD74FD0008E4BD0 /* ActiveSessionView.swift */; };
		B8241C702FD7516A008E4BD0 /* CreateTemplateView.swift in Sources */ = {isa = PBXBuildFile; fileRef = B8241C532FD74FBF008E4BD0 /* CreateTemplateView.swift */; };
		B8241C712FD7516A008E4BD0 /* TemplateDetailView.swift in Sources */ = {isa = PBXBuildFile; fileRef = B8241C522FD74FA9008E4BD0 /* TemplateDetailView.swift */; };
		B8241C722FD7516A008E4BD0 /* WorkoutView.swift in Sources */ = {isa = PBXBuildFile; fileRef = B8241C512FD74F7C008E4BD0 /* WorkoutView.swift */; };
		B8241C732FD7516F008E4BD0 /* SetScheduleView.swift in Sources */ = {isa = PBXBuildFile; fileRef = B8241C562FD75013008E4BD0 /* SetScheduleView.swift */; };
		B8241C742FD7516F008E4BD0 /* ScheduleView.swift in Sources */ = {isa = PBXBuildFile; fileRef = B8241C552FD74FF1008E4BD0 /* ScheduleView.swift */; };
		B8241C752FD75174008E4BD0 /* LogWeightView.swift in Sources */ = {isa = PBXBuildFile; fileRef = B8241C582FD75035008E4BD0 /* LogWeightView.swift */; };
		B8241C762FD75174008E4BD0 /* ProgressView.swift in Sources */ = {isa = PBXBuildFile; fileRef = B8241C572FD75029008E4BD0 /* ProgressView.swift */; };
		B8241C772FD75184008E4BD0 /* WorkoutModels.swift in Sources */ = {isa = PBXBuildFile; fileRef = B8241C352FD5ED2E008E4BD0 /* WorkoutModels.swift */; };
		B8241C782FD75184008E4BD0 /* ScheduleModels.swift in Sources */ = {isa = PBXBuildFile; fileRef = B8241C362FD5EE23008E4BD0 /* ScheduleModels.swift */; };
		B8241C792FD75184008E4BD0 /* ProfileModels.swift in Sources */ = {isa = PBXBuildFile; fileRef = B8241C332FD5E720008E4BD0 /* ProfileModels.swift */; };
		B8241C7A2FD75184008E4BD0 /* BodyWeightModels.swift in Sources */ = {isa = PBXBuildFile; fileRef = B8241C372FD5EE4C008E4BD0 /* BodyWeightModels.swift */; };
		B8241C7B2FD75184008E4BD0 /* AuthModels.swift in Sources */ = {isa = PBXBuildFile; fileRef = B8241C322FD5E2F9008E4BD0 /* AuthModels.swift */; };
		B8241C7C2FD75184008E4BD0 /* FoodModels.swift in Sources */ = {isa = PBXBuildFile; fileRef = B8241C342FD5E9BB008E4BD0 /* FoodModels.swift */; };
		B8241C7F2FD95DD5008E4BD0 /* ProfileView.swift in Sources */ = {isa = PBXBuildFile; fileRef = B8241C7E2FD95DD4008E4BD0 /* ProfileView.swift */; };
		B8241C812FD95DF2008E4BD0 /* EditProfileView.swift in Sources */ = {isa = PBXBuildFile; fileRef = B8241C802FD95DEE008E4BD0 /* EditProfileView.swift */; };
/* End PBXBuildFile section */

/* Begin PBXFileReference section */
		B8241C312FD5E1F1008E4BD0 /* Constants.swift */ = {isa = PBXFileReference; lastKnownFileType = sourcecode.swift; path = Constants.swift; sourceTree = "<group>"; };
		B8241C322FD5E2F9008E4BD0 /* AuthModels.swift */ = {isa = PBXFileReference; lastKnownFileType = sourcecode.swift; path = AuthModels.swift; sourceTree = "<group>"; };
		B8241C332FD5E720008E4BD0 /* ProfileModels.swift */ = {isa = PBXFileReference; lastKnownFileType = sourcecode.swift; path = ProfileModels.swift; sourceTree = "<group>"; };
		B8241C342FD5E9BB008E4BD0 /* FoodModels.swift */ = {isa = PBXFileReference; lastKnownFileType = sourcecode.swift; path = FoodModels.swift; sourceTree = "<group>"; };
		B8241C352FD5ED2E008E4BD0 /* WorkoutModels.swift */ = {isa = PBXFileReference; lastKnownFileType = sourcecode.swift; path = WorkoutModels.swift; sourceTree = "<group>"; };
		B8241C362FD5EE23008E4BD0 /* ScheduleModels.swift */ = {isa = PBXFileReference; lastKnownFileType = sourcecode.swift; path = ScheduleModels.swift; sourceTree = "<group>"; };
		B8241C372FD5EE4C008E4BD0 /* BodyWeightModels.swift */ = {isa = PBXFileReference; lastKnownFileType = sourcecode.swift; path = BodyWeightModels.swift; sourceTree = "<group>"; };
		B8241C382FD67118008E4BD0 /* APIService.swift */ = {isa = PBXFileReference; lastKnownFileType = sourcecode.swift; path = APIService.swift; sourceTree = "<group>"; };
		B8241C392FD68D9F008E4BD0 /* AuthService.swift */ = {isa = PBXFileReference; lastKnownFileType = sourcecode.swift; path = AuthService.swift; sourceTree = "<group>"; };
		B8241C3A2FD6A3AC008E4BD0 /* ProfileService.swift */ = {isa = PBXFileReference; lastKnownFileType = sourcecode.swift; path = ProfileService.swift; sourceTree = "<group>"; };
		B8241C3B2FD6AADB008E4BD0 /* FoodService.swift */ = {isa = PBXFileReference; lastKnownFileType = sourcecode.swift; path = FoodService.swift; sourceTree = "<group>"; };
		B8241C3C2FD6AFD0008E4BD0 /* WorkoutService.swift */ = {isa = PBXFileReference; lastKnownFileType = sourcecode.swift; path = WorkoutService.swift; sourceTree = "<group>"; };
		B8241C3D2FD6B48A008E4BD0 /* ScheduleService.swift */ = {isa = PBXFileReference; lastKnownFileType = sourcecode.swift; path = ScheduleService.swift; sourceTree = "<group>"; };
		B8241C3E2FD6B528008E4BD0 /* BodyWeightService.swift */ = {isa = PBXFileReference; lastKnownFileType = sourcecode.swift; path = BodyWeightService.swift; sourceTree = "<group>"; };
		B8241C3F2FD6D3D6008E4BD0 /* AuthViewModel.swift */ = {isa = PBXFileReference; lastKnownFileType = sourcecode.swift; path = AuthViewModel.swift; sourceTree = "<group>"; };
		B8241C402FD72166008E4BD0 /* HomeViewModel.swift */ = {isa = PBXFileReference; lastKnownFileType = sourcecode.swift; path = HomeViewModel.swift; sourceTree = "<group>"; };
		B8241C412FD73E3F008E4BD0 /* NutritionViewModel.swift */ = {isa = PBXFileReference; lastKnownFileType = sourcecode.swift; path = NutritionViewModel.swift; sourceTree = "<group>"; };
		B8241C422FD748F9008E4BD0 /* WorkoutViewModel.swift */ = {isa = PBXFileReference; lastKnownFileType = sourcecode.swift; path = WorkoutViewModel.swift; sourceTree = "<group>"; };
		B8241C432FD74C6D008E4BD0 /* ScheduleViewModel.swift */ = {isa = PBXFileReference; lastKnownFileType = sourcecode.swift; path = ScheduleViewModel.swift; sourceTree = "<group>"; };
		B8241C442FD74CB0008E4BD0 /* ProgressViewModel.swift */ = {isa = PBXFileReference; lastKnownFileType = sourcecode.swift; path = ProgressViewModel.swift; sourceTree = "<group>"; };
		B8241C452FD74D7C008E4BD0 /* LensLiftApp.swift */ = {isa = PBXFileReference; lastKnownFileType = sourcecode.swift; path = LensLiftApp.swift; sourceTree = "<group>"; };
		B8241C472FD74DBE008E4BD0 /* ContentView.swift */ = {isa = PBXFileReference; lastKnownFileType = sourcecode.swift; path = ContentView.swift; sourceTree = "<group>"; };
		B8241C492FD74DE1008E4BD0 /* LoginView.swift */ = {isa = PBXFileReference; lastKnownFileType = sourcecode.swift; path = LoginView.swift; sourceTree = "<group>"; };
		B8241C4A2FD74E91008E4BD0 /* RegisterView.swift */ = {isa = PBXFileReference; lastKnownFileType = sourcecode.swift; path = RegisterView.swift; sourceTree = "<group>"; };
		B8241C4B2FD74EB9008E4BD0 /* OnboardingView.swift */ = {isa = PBXFileReference; lastKnownFileType = sourcecode.swift; path = OnboardingView.swift; sourceTree = "<group>"; };
		B8241C4C2FD74EF1008E4BD0 /* ProfileViewModel.swift */ = {isa = PBXFileReference; lastKnownFileType = sourcecode.swift; path = ProfileViewModel.swift; sourceTree = "<group>"; };
		B8241C4D2FD74F0B008E4BD0 /* HomeView.swift */ = {isa = PBXFileReference; lastKnownFileType = sourcecode.swift; path = HomeView.swift; sourceTree = "<group>"; };
		B8241C4E2FD74F2E008E4BD0 /* NutritionView.swift */ = {isa = PBXFileReference; lastKnownFileType = sourcecode.swift; path = NutritionView.swift; sourceTree = "<group>"; };
		B8241C4F2FD74F56008E4BD0 /* AddFoodView.swift */ = {isa = PBXFileReference; lastKnownFileType = sourcecode.swift; path = AddFoodView.swift; sourceTree = "<group>"; };
		B8241C502FD74F64008E4BD0 /* FoodAnalyzerView.swift */ = {isa = PBXFileReference; lastKnownFileType = sourcecode.swift; path = FoodAnalyzerView.swift; sourceTree = "<group>"; };
		B8241C512FD74F7C008E4BD0 /* WorkoutView.swift */ = {isa = PBXFileReference; lastKnownFileType = sourcecode.swift; path = WorkoutView.swift; sourceTree = "<group>"; };
		B8241C522FD74FA9008E4BD0 /* TemplateDetailView.swift */ = {isa = PBXFileReference; lastKnownFileType = sourcecode.swift; path = TemplateDetailView.swift; sourceTree = "<group>"; };
		B8241C532FD74FBF008E4BD0 /* CreateTemplateView.swift */ = {isa = PBXFileReference; lastKnownFileType = sourcecode.swift; path = CreateTemplateView.swift; sourceTree = "<group>"; };
		B8241C542FD74FD0008E4BD0 /* ActiveSessionView.swift */ = {isa = PBXFileReference; lastKnownFileType = sourcecode.swift; path = ActiveSessionView.swift; sourceTree = "<group>"; };
		B8241C552FD74FF1008E4BD0 /* ScheduleView.swift */ = {isa = PBXFileReference; lastKnownFileType = sourcecode.swift; path = ScheduleView.swift; sourceTree = "<group>"; };
		B8241C562FD75013008E4BD0 /* SetScheduleView.swift */ = {isa = PBXFileReference; lastKnownFileType = sourcecode.swift; path = SetScheduleView.swift; sourceTree = "<group>"; };
		B8241C572FD75029008E4BD0 /* ProgressView.swift */ = {isa = PBXFileReference; lastKnownFileType = sourcecode.swift; path = ProgressView.swift; sourceTree = "<group>"; };
		B8241C582FD75035008E4BD0 /* LogWeightView.swift */ = {isa = PBXFileReference; lastKnownFileType = sourcecode.swift; path = LogWeightView.swift; sourceTree = "<group>"; };
		B8241C7D2FD75B1B008E4BD0 /* LensLift-Info.plist */ = {isa = PBXFileReference; lastKnownFileType = text.plist; path = "LensLift-Info.plist"; sourceTree = "<group>"; };
		B8241C7E2FD95DD4008E4BD0 /* ProfileView.swift */ = {isa = PBXFileReference; lastKnownFileType = sourcecode.swift; path = ProfileView.swift; sourceTree = "<group>"; };
		B8241C802FD95DEE008E4BD0 /* EditProfileView.swift */ = {isa = PBXFileReference; lastKnownFileType = sourcecode.swift; path = EditProfileView.swift; sourceTree = "<group>"; };
		B85776322FD5571300571129 /* LensLift.app */ = {isa = PBXFileReference; explicitFileType = wrapper.application; includeInIndex = 0; path = LensLift.app; sourceTree = BUILT_PRODUCTS_DIR; };
/* End PBXFileReference section */

/* Begin PBXFrameworksBuildPhase section */
		B857762F2FD5571300571129 /* Frameworks */ = {
			isa = PBXFrameworksBuildPhase;
			buildActionMask = 2147483647;
			files = (
			);
			runOnlyForDeploymentPostprocessing = 0;
		};
/* End PBXFrameworksBuildPhase section */

/* Begin PBXGroup section */
		B85776292FD5571300571129 = {
			isa = PBXGroup;
			children = (
				B8241C7D2FD75B1B008E4BD0 /* LensLift-Info.plist */,
				B8241C472FD74DBE008E4BD0 /* ContentView.swift */,
				B8241C452FD74D7C008E4BD0 /* LensLiftApp.swift */,
				B85776452FD5581A00571129 /* Views */,
				B85776442FD5581500571129 /* Utils */,
				B85776432FD5580F00571129 /* Services */,
				B85776422FD5580800571129 /* ViewModels */,
				B85776412FD557FB00571129 /* Models */,
				B85776332FD5571300571129 /* Products */,
			);
			sourceTree = "<group>";
		};
		B85776332FD5571300571129 /* Products */ = {
			isa = PBXGroup;
			children = (
				B85776322FD5571300571129 /* LensLift.app */,
			);
			name = Products;
			sourceTree = "<group>";
		};
		B85776412FD557FB00571129 /* Models */ = {
			isa = PBXGroup;
			children = (
				B8241C372FD5EE4C008E4BD0 /* BodyWeightModels.swift */,
				B8241C362FD5EE23008E4BD0 /* ScheduleModels.swift */,
				B8241C352FD5ED2E008E4BD0 /* WorkoutModels.swift */,
				B8241C342FD5E9BB008E4BD0 /* FoodModels.swift */,
				B8241C332FD5E720008E4BD0 /* ProfileModels.swift */,
				B8241C322FD5E2F9008E4BD0 /* AuthModels.swift */,
			);
			path = Models;
			sourceTree = "<group>";
		};
		B85776422FD5580800571129 /* ViewModels */ = {
			isa = PBXGroup;
			children = (
				B8241C4C2FD74EF1008E4BD0 /* ProfileViewModel.swift */,
				B8241C442FD74CB0008E4BD0 /* ProgressViewModel.swift */,
				B8241C432FD74C6D008E4BD0 /* ScheduleViewModel.swift */,
				B8241C422FD748F9008E4BD0 /* WorkoutViewModel.swift */,
				B8241C412FD73E3F008E4BD0 /* NutritionViewModel.swift */,
				B8241C402FD72166008E4BD0 /* HomeViewModel.swift */,
				B8241C3F2FD6D3D6008E4BD0 /* AuthViewModel.swift */,
			);
			path = ViewModels;
			sourceTree = "<group>";
		};
		B85776432FD5580F00571129 /* Services */ = {
			isa = PBXGroup;
			children = (
				B8241C3E2FD6B528008E4BD0 /* BodyWeightService.swift */,
				B8241C3D2FD6B48A008E4BD0 /* ScheduleService.swift */,
				B8241C3C2FD6AFD0008E4BD0 /* WorkoutService.swift */,
				B8241C3B2FD6AADB008E4BD0 /* FoodService.swift */,
				B8241C3A2FD6A3AC008E4BD0 /* ProfileService.swift */,
				B8241C392FD68D9F008E4BD0 /* AuthService.swift */,
				B8241C382FD67118008E4BD0 /* APIService.swift */,
			);
			path = Services;
			sourceTree = "<group>";
		};
		B85776442FD5581500571129 /* Utils */ = {
			isa = PBXGroup;
			children = (
				B8241C312FD5E1F1008E4BD0 /* Constants.swift */,
			);
			path = Utils;
			sourceTree = "<group>";
		};
		B85776452FD5581A00571129 /* Views */ = {
			isa = PBXGroup;
			children = (
				B8241C802FD95DEE008E4BD0 /* EditProfileView.swift */,
				B8241C7E2FD95DD4008E4BD0 /* ProfileView.swift */,
				B857764B2FD5584700571129 /* Progress */,
				B857764A2FD5584100571129 /* Schedule */,
				B85776492FD5583D00571129 /* Workout */,
				B85776482FD5583600571129 /* Nutrition */,
				B85776472FD5583000571129 /* Home */,
				B85776462FD5582C00571129 /* Auth */,
			);
			path = Views;
			sourceTree = "<group>";
		};
		B85776462FD5582C00571129 /* Auth */ = {
			isa = PBXGroup;
			children = (
				B8241C4B2FD74EB9008E4BD0 /* OnboardingView.swift */,
				B8241C4A2FD74E91008E4BD0 /* RegisterView.swift */,
				B8241C492FD74DE1008E4BD0 /* LoginView.swift */,
			);
			path = Auth;
			sourceTree = "<group>";
		};
		B85776472FD5583000571129 /* Home */ = {
			isa = PBXGroup;
			children = (
				B8241C4D2FD74F0B008E4BD0 /* HomeView.swift */,
			);
			path = Home;
			sourceTree = "<group>";
		};
		B85776482FD5583600571129 /* Nutrition */ = {
			isa = PBXGroup;
			children = (
				B8241C502FD74F64008E4BD0 /* FoodAnalyzerView.swift */,
				B8241C4F2FD74F56008E4BD0 /* AddFoodView.swift */,
				B8241C4E2FD74F2E008E4BD0 /* NutritionView.swift */,
			);
			path = Nutrition;
			sourceTree = "<group>";
		};
		B85776492FD5583D00571129 /* Workout */ = {
			isa = PBXGroup;
			children = (
				B8241C532FD74FBF008E4BD0 /* CreateTemplateView.swift */,
				B8241C542FD74FD0008E4BD0 /* ActiveSessionView.swift */,
				B8241C522FD74FA9008E4BD0 /* TemplateDetailView.swift */,
				B8241C512FD74F7C008E4BD0 /* WorkoutView.swift */,
			);
			path = Workout;
			sourceTree = "<group>";
		};
		B857764A2FD5584100571129 /* Schedule */ = {
			isa = PBXGroup;
			children = (
				B8241C562FD75013008E4BD0 /* SetScheduleView.swift */,
				B8241C552FD74FF1008E4BD0 /* ScheduleView.swift */,
			);
			path = Schedule;
			sourceTree = "<group>";
		};
		B857764B2FD5584700571129 /* Progress */ = {
			isa = PBXGroup;
			children = (
				B8241C582FD75035008E4BD0 /* LogWeightView.swift */,
				B8241C572FD75029008E4BD0 /* ProgressView.swift */,
			);
			path = Progress;
			sourceTree = "<group>";
		};
/* End PBXGroup section */

/* Begin PBXNativeTarget section */
		B85776312FD5571300571129 /* LensLift */ = {
			isa = PBXNativeTarget;
			buildConfigurationList = B857763D2FD5571500571129 /* Build configuration list for PBXNativeTarget "LensLift" */;
			buildPhases = (
				B857762E2FD5571300571129 /* Sources */,
				B857762F2FD5571300571129 /* Frameworks */,
				B85776302FD5571300571129 /* Resources */,
			);
			buildRules = (
			);
			dependencies = (
			);
			name = LensLift;
			packageProductDependencies = (
			);
			productName = LensLift;
			productReference = B85776322FD5571300571129 /* LensLift.app */;
			productType = "com.apple.product-type.application";
		};
/* End PBXNativeTarget section */

/* Begin PBXProject section */
		B857762A2FD5571300571129 /* Project object */ = {
			isa = PBXProject;
			attributes = {
				BuildIndependentTargetsInParallel = 1;
				LastSwiftUpdateCheck = 2650;
				LastUpgradeCheck = 2650;
				TargetAttributes = {
					B85776312FD5571300571129 = {
						CreatedOnToolsVersion = 26.5;
						LastSwiftMigration = 2650;
					};
				};
			};
			buildConfigurationList = B857762D2FD5571300571129 /* Build configuration list for PBXProject "LensLift" */;
			developmentRegion = en;
			hasScannedForEncodings = 0;
			knownRegions = (
				en,
				Base,
			);
			mainGroup = B85776292FD5571300571129;
			minimizedProjectReferenceProxies = 1;
			preferredProjectObjectVersion = 77;
			productRefGroup = B85776332FD5571300571129 /* Products */;
			projectDirPath = "";
			projectRoot = "";
			targets = (
				B85776312FD5571300571129 /* LensLift */,
			);
		};
/* End PBXProject section */

/* Begin PBXResourcesBuildPhase section */
		B85776302FD5571300571129 /* Resources */ = {
			isa = PBXResourcesBuildPhase;
			buildActionMask = 2147483647;
			files = (
			);
			runOnlyForDeploymentPostprocessing = 0;
		};
/* End PBXResourcesBuildPhase section */

/* Begin PBXSourcesBuildPhase section */
		B857762E2FD5571300571129 /* Sources */ = {
			isa = PBXSourcesBuildPhase;
			buildActionMask = 2147483647;
			files = (
				B8241C482FD74DBE008E4BD0 /* ContentView.swift in Sources */,
				B8241C672FD75146008E4BD0 /* Constants.swift in Sources */,
				B8241C462FD74D7C008E4BD0 /* LensLiftApp.swift in Sources */,
				B8241C5A2FD75133008E4BD0 /* HomeViewModel.swift in Sources */,
				B8241C602FD75140008E4BD0 /* AuthService.swift in Sources */,
				B8241C612FD75140008E4BD0 /* WorkoutService.swift in Sources */,
				B8241C682FD75153008E4BD0 /* RegisterView.swift in Sources */,
				B8241C692FD75153008E4BD0 /* OnboardingView.swift in Sources */,
				B8241C6A2FD75153008E4BD0 /* LoginView.swift in Sources */,
				B8241C622FD75140008E4BD0 /* FoodService.swift in Sources */,
				B8241C812FD95DF2008E4BD0 /* EditProfileView.swift in Sources */,
				B8241C632FD75140008E4BD0 /* ScheduleService.swift in Sources */,
				B8241C642FD75140008E4BD0 /* APIService.swift in Sources */,
				B8241C652FD75140008E4BD0 /* BodyWeightService.swift in Sources */,
				B8241C6F2FD7516A008E4BD0 /* ActiveSessionView.swift in Sources */,
				B8241C702FD7516A008E4BD0 /* CreateTemplateView.swift in Sources */,
				B8241C712FD7516A008E4BD0 /* TemplateDetailView.swift in Sources */,
				B8241C722FD7516A008E4BD0 /* WorkoutView.swift in Sources */,
				B8241C772FD75184008E4BD0 /* WorkoutModels.swift in Sources */,
				B8241C782FD75184008E4BD0 /* ScheduleModels.swift in Sources */,
				B8241C7F2FD95DD5008E4BD0 /* ProfileView.swift in Sources */,
				B8241C792FD75184008E4BD0 /* ProfileModels.swift in Sources */,
				B8241C7A2FD75184008E4BD0 /* BodyWeightModels.swift in Sources */,
				B8241C7B2FD75184008E4BD0 /* AuthModels.swift in Sources */,
				B8241C7C2FD75184008E4BD0 /* FoodModels.swift in Sources */,
				B8241C6C2FD7515F008E4BD0 /* FoodAnalyzerView.swift in Sources */,
				B8241C6D2FD7515F008E4BD0 /* AddFoodView.swift in Sources */,
				B8241C6E2FD7515F008E4BD0 /* NutritionView.swift in Sources */,
				B8241C662FD75140008E4BD0 /* ProfileService.swift in Sources */,
				B8241C5B2FD75133008E4BD0 /* ScheduleViewModel.swift in Sources */,
				B8241C6B2FD75158008E4BD0 /* HomeView.swift in Sources */,
				B8241C732FD7516F008E4BD0 /* SetScheduleView.swift in Sources */,
				B8241C742FD7516F008E4BD0 /* ScheduleView.swift in Sources */,
				B8241C5C2FD75133008E4BD0 /* NutritionViewModel.swift in Sources */,
				B8241C5D2FD75133008E4BD0 /* WorkoutViewModel.swift in Sources */,
				B8241C5E2FD75133008E4BD0 /* ProgressViewModel.swift in Sources */,
				B8241C5F2FD75133008E4BD0 /* ProfileViewModel.swift in Sources */,
				B8241C752FD75174008E4BD0 /* LogWeightView.swift in Sources */,
				B8241C762FD75174008E4BD0 /* ProgressView.swift in Sources */,
				B8241C592FD750E0008E4BD0 /* AuthViewModel.swift in Sources */,
			);
			runOnlyForDeploymentPostprocessing = 0;
		};
/* End PBXSourcesBuildPhase section */

/* Begin XCBuildConfiguration section */
		B857763B2FD5571500571129 /* Debug */ = {
			isa = XCBuildConfiguration;
			buildSettings = {
				ALWAYS_SEARCH_USER_PATHS = NO;
				ASSETCATALOG_COMPILER_GENERATE_SWIFT_ASSET_SYMBOL_EXTENSIONS = YES;
				CLANG_ANALYZER_NONNULL = YES;
				CLANG_ANALYZER_NUMBER_OBJECT_CONVERSION = YES_AGGRESSIVE;
				CLANG_CXX_LANGUAGE_STANDARD = "gnu++20";
				CLANG_ENABLE_MODULES = YES;
				CLANG_ENABLE_OBJC_ARC = YES;
				CLANG_ENABLE_OBJC_WEAK = YES;
				CLANG_WARN_BLOCK_CAPTURE_AUTORELEASING = YES;
				CLANG_WARN_BOOL_CONVERSION = YES;
				CLANG_WARN_COMMA = YES;
				CLANG_WARN_CONSTANT_CONVERSION = YES;
				CLANG_WARN_DEPRECATED_OBJC_IMPLEMENTATIONS = YES;
				CLANG_WARN_DIRECT_OBJC_ISA_USAGE = YES_ERROR;
				CLANG_WARN_DOCUMENTATION_COMMENTS = YES;
				CLANG_WARN_EMPTY_BODY = YES;
				CLANG_WARN_ENUM_CONVERSION = YES;
				CLANG_WARN_INFINITE_RECURSION = YES;
				CLANG_WARN_INT_CONVERSION = YES;
				CLANG_WARN_NON_LITERAL_NULL_CONVERSION = YES;
				CLANG_WARN_OBJC_IMPLICIT_RETAIN_SELF = YES;
				CLANG_WARN_OBJC_LITERAL_CONVERSION = YES;
				CLANG_WARN_OBJC_ROOT_CLASS = YES_ERROR;
				CLANG_WARN_QUOTED_INCLUDE_IN_FRAMEWORK_HEADER = YES;
				CLANG_WARN_RANGE_LOOP_ANALYSIS = YES;
				CLANG_WARN_STRICT_PROTOTYPES = YES;
				CLANG_WARN_SUSPICIOUS_MOVE = YES;
				CLANG_WARN_UNGUARDED_AVAILABILITY = YES_AGGRESSIVE;
				CLANG_WARN_UNREACHABLE_CODE = YES;
				CLANG_WARN__DUPLICATE_METHOD_MATCH = YES;
				COPY_PHASE_STRIP = NO;
				DEBUG_INFORMATION_FORMAT = dwarf;
				DEVELOPMENT_TEAM = 2S6H48DZH7;
				ENABLE_STRICT_OBJC_MSGSEND = YES;
				ENABLE_TESTABILITY = YES;
				ENABLE_USER_SCRIPT_SANDBOXING = YES;
				GCC_C_LANGUAGE_STANDARD = gnu17;
				GCC_DYNAMIC_NO_PIC = NO;
				GCC_NO_COMMON_BLOCKS = YES;
				GCC_OPTIMIZATION_LEVEL = 0;
				GCC_PREPROCESSOR_DEFINITIONS = (
					"DEBUG=1",
					"$(inherited)",
				);
				GCC_WARN_64_TO_32_BIT_CONVERSION = YES;
				GCC_WARN_ABOUT_RETURN_TYPE = YES_ERROR;
				GCC_WARN_UNDECLARED_SELECTOR = YES;
				GCC_WARN_UNINITIALIZED_AUTOS = YES_AGGRESSIVE;
				GCC_WARN_UNUSED_FUNCTION = YES;
				GCC_WARN_UNUSED_VARIABLE = YES;
				IPHONEOS_DEPLOYMENT_TARGET = 26.5;
				LOCALIZATION_PREFERS_STRING_CATALOGS = YES;
				MTL_ENABLE_DEBUG_INFO = INCLUDE_SOURCE;
				MTL_FAST_MATH = YES;
				ONLY_ACTIVE_ARCH = YES;
				SDKROOT = iphoneos;
				SWIFT_ACTIVE_COMPILATION_CONDITIONS = "DEBUG $(inherited)";
				SWIFT_OPTIMIZATION_LEVEL = "-Onone";
			};
			name = Debug;
		};
		B857763C2FD5571500571129 /* Release */ = {
			isa = XCBuildConfiguration;
			buildSettings = {
				ALWAYS_SEARCH_USER_PATHS = NO;
				ASSETCATALOG_COMPILER_GENERATE_SWIFT_ASSET_SYMBOL_EXTENSIONS = YES;
				CLANG_ANALYZER_NONNULL = YES;
				CLANG_ANALYZER_NUMBER_OBJECT_CONVERSION = YES_AGGRESSIVE;
				CLANG_CXX_LANGUAGE_STANDARD = "gnu++20";
				CLANG_ENABLE_MODULES = YES;
				CLANG_ENABLE_OBJC_ARC = YES;
				CLANG_ENABLE_OBJC_WEAK = YES;
				CLANG_WARN_BLOCK_CAPTURE_AUTORELEASING = YES;
				CLANG_WARN_BOOL_CONVERSION = YES;
				CLANG_WARN_COMMA = YES;
				CLANG_WARN_CONSTANT_CONVERSION = YES;
				CLANG_WARN_DEPRECATED_OBJC_IMPLEMENTATIONS = YES;
				CLANG_WARN_DIRECT_OBJC_ISA_USAGE = YES_ERROR;
				CLANG_WARN_DOCUMENTATION_COMMENTS = YES;
				CLANG_WARN_EMPTY_BODY = YES;
				CLANG_WARN_ENUM_CONVERSION = YES;
				CLANG_WARN_INFINITE_RECURSION = YES;
				CLANG_WARN_INT_CONVERSION = YES;
				CLANG_WARN_NON_LITERAL_NULL_CONVERSION = YES;
				CLANG_WARN_OBJC_IMPLICIT_RETAIN_SELF = YES;
				CLANG_WARN_OBJC_LITERAL_CONVERSION = YES;
				CLANG_WARN_OBJC_ROOT_CLASS = YES_ERROR;
				CLANG_WARN_QUOTED_INCLUDE_IN_FRAMEWORK_HEADER = YES;
				CLANG_WARN_RANGE_LOOP_ANALYSIS = YES;
				CLANG_WARN_STRICT_PROTOTYPES = YES;
				CLANG_WARN_SUSPICIOUS_MOVE = YES;
				CLANG_WARN_UNGUARDED_AVAILABILITY = YES_AGGRESSIVE;
				CLANG_WARN_UNREACHABLE_CODE = YES;
				CLANG_WARN__DUPLICATE_METHOD_MATCH = YES;
				COPY_PHASE_STRIP = NO;
				DEBUG_INFORMATION_FORMAT = "dwarf-with-dsym";
				DEVELOPMENT_TEAM = 2S6H48DZH7;
				ENABLE_NS_ASSERTIONS = NO;
				ENABLE_STRICT_OBJC_MSGSEND = YES;
				ENABLE_USER_SCRIPT_SANDBOXING = YES;
				GCC_C_LANGUAGE_STANDARD = gnu17;
				GCC_NO_COMMON_BLOCKS = YES;
				GCC_WARN_64_TO_32_BIT_CONVERSION = YES;
				GCC_WARN_ABOUT_RETURN_TYPE = YES_ERROR;
				GCC_WARN_UNDECLARED_SELECTOR = YES;
				GCC_WARN_UNINITIALIZED_AUTOS = YES_AGGRESSIVE;
				GCC_WARN_UNUSED_FUNCTION = YES;
				GCC_WARN_UNUSED_VARIABLE = YES;
				IPHONEOS_DEPLOYMENT_TARGET = 26.5;
				LOCALIZATION_PREFERS_STRING_CATALOGS = YES;
				MTL_ENABLE_DEBUG_INFO = NO;
				MTL_FAST_MATH = YES;
				SDKROOT = iphoneos;
				SWIFT_COMPILATION_MODE = wholemodule;
				VALIDATE_PRODUCT = YES;
			};
			name = Release;
		};
		B857763E2FD5571500571129 /* Debug */ = {
			isa = XCBuildConfiguration;
			buildSettings = {
				ASSETCATALOG_COMPILER_APPICON_NAME = AppIcon;
				ASSETCATALOG_COMPILER_GLOBAL_ACCENT_COLOR_NAME = AccentColor;
				CLANG_ENABLE_MODULES = YES;
				CODE_SIGN_STYLE = Automatic;
				CURRENT_PROJECT_VERSION = 1;
				DEVELOPMENT_TEAM = 2S6H48DZH7;
				ENABLE_PREVIEWS = YES;
				GENERATE_INFOPLIST_FILE = YES;
				INFOPLIST_FILE = "LensLift-Info.plist";
				INFOPLIST_KEY_UIApplicationSceneManifest_Generation = YES;
				INFOPLIST_KEY_UIApplicationSupportsIndirectInputEvents = YES;
				INFOPLIST_KEY_UILaunchScreen_Generation = YES;
				INFOPLIST_KEY_UISupportedInterfaceOrientations_iPad = "UIInterfaceOrientationPortrait UIInterfaceOrientationPortraitUpsideDown UIInterfaceOrientationLandscapeLeft UIInterfaceOrientationLandscapeRight";
				INFOPLIST_KEY_UISupportedInterfaceOrientations_iPhone = "UIInterfaceOrientationPortrait UIInterfaceOrientationLandscapeLeft UIInterfaceOrientationLandscapeRight";
				LD_RUNPATH_SEARCH_PATHS = (
					"$(inherited)",
					"@executable_path/Frameworks",
				);
				MARKETING_VERSION = 1.0;
				PRODUCT_BUNDLE_IDENTIFIER = gdenand.LensLift;
				PRODUCT_NAME = "$(TARGET_NAME)";
				STRING_CATALOG_GENERATE_SYMBOLS = YES;
				SWIFT_APPROACHABLE_CONCURRENCY = YES;
				SWIFT_DEFAULT_ACTOR_ISOLATION = MainActor;
				SWIFT_EMIT_LOC_STRINGS = YES;
				SWIFT_OPTIMIZATION_LEVEL = "-Onone";
				SWIFT_UPCOMING_FEATURE_MEMBER_IMPORT_VISIBILITY = YES;
				SWIFT_VERSION = 5.0;
				TARGETED_DEVICE_FAMILY = "1,2";
			};
			name = Debug;
		};
		B857763F2FD5571500571129 /* Release */ = {
			isa = XCBuildConfiguration;
			buildSettings = {
				ASSETCATALOG_COMPILER_APPICON_NAME = AppIcon;
				ASSETCATALOG_COMPILER_GLOBAL_ACCENT_COLOR_NAME = AccentColor;
				CLANG_ENABLE_MODULES = YES;
				CODE_SIGN_STYLE = Automatic;
				CURRENT_PROJECT_VERSION = 1;
				DEVELOPMENT_TEAM = 2S6H48DZH7;
				ENABLE_PREVIEWS = YES;
				GENERATE_INFOPLIST_FILE = YES;
				INFOPLIST_FILE = "LensLift-Info.plist";
				INFOPLIST_KEY_UIApplicationSceneManifest_Generation = YES;
				INFOPLIST_KEY_UIApplicationSupportsIndirectInputEvents = YES;
				INFOPLIST_KEY_UILaunchScreen_Generation = YES;
				INFOPLIST_KEY_UISupportedInterfaceOrientations_iPad = "UIInterfaceOrientationPortrait UIInterfaceOrientationPortraitUpsideDown UIInterfaceOrientationLandscapeLeft UIInterfaceOrientationLandscapeRight";
				INFOPLIST_KEY_UISupportedInterfaceOrientations_iPhone = "UIInterfaceOrientationPortrait UIInterfaceOrientationLandscapeLeft UIInterfaceOrientationLandscapeRight";
				LD_RUNPATH_SEARCH_PATHS = (
					"$(inherited)",
					"@executable_path/Frameworks",
				);
				MARKETING_VERSION = 1.0;
				PRODUCT_BUNDLE_IDENTIFIER = gdenand.LensLift;
				PRODUCT_NAME = "$(TARGET_NAME)";
				STRING_CATALOG_GENERATE_SYMBOLS = YES;
				SWIFT_APPROACHABLE_CONCURRENCY = YES;
				SWIFT_DEFAULT_ACTOR_ISOLATION = MainActor;
				SWIFT_EMIT_LOC_STRINGS = YES;
				SWIFT_UPCOMING_FEATURE_MEMBER_IMPORT_VISIBILITY = YES;
				SWIFT_VERSION = 5.0;
				TARGETED_DEVICE_FAMILY = "1,2";
			};
			name = Release;
		};
/* End XCBuildConfiguration section */

/* Begin XCConfigurationList section */
		B857762D2FD5571300571129 /* Build configuration list for PBXProject "LensLift" */ = {
			isa = XCConfigurationList;
			buildConfigurations = (
				B857763B2FD5571500571129 /* Debug */,
				B857763C2FD5571500571129 /* Release */,
			);
			defaultConfigurationIsVisible = 0;
			defaultConfigurationName = Release;
		};
		B857763D2FD5571500571129 /* Build configuration list for PBXNativeTarget "LensLift" */ = {
			isa = XCConfigurationList;
			buildConfigurations = (
				B857763E2FD5571500571129 /* Debug */,
				B857763F2FD5571500571129 /* Release */,
			);
			defaultConfigurationIsVisible = 0;
			defaultConfigurationName = Release;
		};
/* End XCConfigurationList section */
	};
	rootObject = B857762A2FD5571300571129 /* Project object */;
}
